// !$*UTF8*$!
{
	archiveVersion = 1;
	classes = {
	};
	objectVersion = 46;
	objects = {

/* Begin PBXBuildFile section */
		3D7F0F2715CC0F320026D3E1 /* UIKit.framework in Frameworks */ = {isa = PBXBuildFile; fileRef = 3D7F0F2615CC0F320026D3E1 /* UIKit.framework */; };
		3D7F0F2915CC0F320026D3E1 /* Foundation.framework in Frameworks */ = {isa = PBXBuildFile; fileRef = 3D7F0F2815CC0F320026D3E1 /* Foundation.framework */; };
		3D7F0F2B15CC0F320026D3E1 /* CoreGraphics.framework in Frameworks */ = {isa = PBXBuildFile; fileRef = 3D7F0F2A15CC0F320026D3E1 /* CoreGraphics.framework */; };
		3D7F0F3115CC0F320026D3E1 /* InfoPlist.strings in Resources */ = {isa = PBXBuildFile; fileRef = 3D7F0F2F15CC0F320026D3E1 /* InfoPlist.strings */; };
		3D7F0F3315CC0F320026D3E1 /* main.m in Sources */ = {isa = PBXBuildFile; fileRef = 3D7F0F3215CC0F320026D3E1 /* main.m */; };
		3D7F0F3715CC0F330026D3E1 /* AppDelegate.m in Sources */ = {isa = PBXBuildFile; fileRef = 3D7F0F3615CC0F330026D3E1 /* AppDelegate.m */; };
		3D7F0F4215CC0F5C0026D3E1 /* MainViewController.m in Sources */ = {isa = PBXBuildFile; fileRef = 3D7F0F4115CC0F5C0026D3E1 /* MainViewController.m */; };
		3D7F0F4515CC0F8D0026D3E1 /* Localization.m in Sources */ = {isa = PBXBuildFile; fileRef = 3D7F0F4415CC0F8D0026D3E1 /* Localization.m */; };
		3D7F0F4B15CC5AAE0026D3E1 /* localized.json in Resources */ = {isa = PBXBuildFile; fileRef = 3D7F0F4A15CC5AAE0026D3E1 /* localized.json */; };
		3D7F0F4F15CC5DD50026D3E1 /* Actor.m in Sources */ = {isa = PBXBuildFile; fileRef = 3D7F0F4E15CC5DD50026D3E1 /* Actor.m */; };
		3DCF345815D401AD00100986 /* FSN_categories.m in Sources */ = {isa = PBXBuildFile; fileRef = 3DCF345315D401AD00100986 /* FSN_categories.m */; };
		3DCF345915D401AD00100986 /* FSNConnection.m in Sources */ = {isa = PBXBuildFile; fileRef = 3DCF345515D401AD00100986 /* FSNConnection.m */; };
		3DCF345A15D401AD00100986 /* FSNData.m in Sources */ = {isa = PBXBuildFile; fileRef = 3DCF345715D401AD00100986 /* FSNData.m */; };
		3DDDC5A715D1604500B0EDD3 /* PerformanceTest.m in Sources */ = {isa = PBXBuildFile; fileRef = 3DDDC5A615D1604500B0EDD3 /* PerformanceTest.m */; };
		3DDDC5AA15D162D300B0EDD3 /* PerfTestViewController.m in Sources */ = {isa = PBXBuildFile; fileRef = 3DDDC5A915D162D300B0EDD3 /* PerfTestViewController.m */; };
		3DDDC5AD15D1687100B0EDD3 /* testArray.json in Resources */ = {isa = PBXBuildFile; fileRef = 3DDDC5AB15D1687100B0EDD3 /* testArray.json */; };
		3DDDC5AE15D1687100B0EDD3 /* testDict.json in Resources */ = {isa = PBXBuildFile; fileRef = 3DDDC5AC15D1687100B0EDD3 /* testDict.json */; };
		3DDDC5B015D18BD200B0EDD3 /* testNestedArray.json in Resources */ = {isa = PBXBuildFile; fileRef = 3DDDC5AF15D18BD200B0EDD3 /* testNestedArray.json */; };
/* End PBXBuildFile section */

/* Begin PBXFileReference section */
		3D7F0F2215CC0F320026D3E1 /* translationDictionary.app */ = {isa = PBXFileReference; explicitFileType = wrapper.application; includeInIndex = 0; path = translationDictionary.app; sourceTree = BUILT_PRODUCTS_DIR; };
		3D7F0F2615CC0F320026D3E1 /* UIKit.framework */ = {isa = PBXFileReference; lastKnownFileType = wrapper.framework; name = UIKit.framework; path = System/Library/Frameworks/UIKit.framework; sourceTree = SDKROOT; };
		3D7F0F2815CC0F320026D3E1 /* Foundation.framework */ = {isa = PBXFileReference; lastKnownFileType = wrapper.framework; name = Foundation.framework; path = System/Library/Frameworks/Foundation.framework; sourceTree = SDKROOT; };
		3D7F0F2A15CC0F320026D3E1 /* CoreGraphics.framework */ = {isa = PBXFileReference; lastKnownFileType = wrapper.framework; name = CoreGraphics.framework; path = System/Library/Frameworks/CoreGraphics.framework; sourceTree = SDKROOT; };
		3D7F0F2E15CC0F320026D3E1 /* translationDictionary-Info.plist */ = {isa = PBXFileReference; lastKnownFileType = text.plist.xml; path = "translationDictionary-Info.plist"; sourceTree = "<group>"; };
		3D7F0F3015CC0F320026D3E1 /* en */ = {isa = PBXFileReference; lastKnownFileType = text.plist.strings; name = en; path = en.lproj/InfoPlist.strings; sourceTree = "<group>"; };
		3D7F0F3215CC0F320026D3E1 /* main.m */ = {isa = PBXFileReference; lastKnownFileType = sourcecode.c.objc; path = main.m; sourceTree = "<group>"; };
		3D7F0F3415CC0F320026D3E1 /* translationDictionary-Prefix.pch */ = {isa = PBXFileReference; lastKnownFileType = sourcecode.c.h; path = "translationDictionary-Prefix.pch"; sourceTree = "<group>"; };
		3D7F0F3515CC0F330026D3E1 /* AppDelegate.h */ = {isa = PBXFileReference; lastKnownFileType = sourcecode.c.h; path = AppDelegate.h; sourceTree = "<group>"; };
		3D7F0F3615CC0F330026D3E1 /* AppDelegate.m */ = {isa = PBXFileReference; lastKnownFileType = sourcecode.c.objc; path = AppDelegate.m; sourceTree = "<group>"; };
		3D7F0F4015CC0F5C0026D3E1 /* MainViewController.h */ = {isa = PBXFileReference; fileEncoding = 4; lastKnownFileType = sourcecode.c.h; path = MainViewController.h; sourceTree = "<group>"; };
		3D7F0F4115CC0F5C0026D3E1 /* MainViewController.m */ = {isa = PBXFileReference; fileEncoding = 4; lastKnownFileType = sourcecode.c.objc; path = MainViewController.m; sourceTree = "<group>"; };
		3D7F0F4315CC0F8D0026D3E1 /* Localization.h */ = {isa = PBXFileReference; fileEncoding = 4; lastKnownFileType = sourcecode.c.h; path = Localization.h; sourceTree = "<group>"; };
		3D7F0F4415CC0F8D0026D3E1 /* Localization.m */ = {isa = PBXFileReference; fileEncoding = 4; lastKnownFileType = sourcecode.c.objc; path = Localization.m; sourceTree = "<group>"; };
		3D7F0F4A15CC5AAE0026D3E1 /* localized.json */ = {isa = PBXFileReference; fileEncoding = 4; lastKnownFileType = text.json; path = localized.json; sourceTree = "<group>"; };
		3D7F0F4D15CC5DD50026D3E1 /* Actor.h */ = {isa = PBXFileReference; fileEncoding = 4; lastKnownFileType = sourcecode.c.h; path = Actor.h; sourceTree = "<group>"; };
		3D7F0F4E15CC5DD50026D3E1 /* Actor.m */ = {isa = PBXFileReference; fileEncoding = 4; lastKnownFileType = sourcecode.c.objc; path = Actor.m; sourceTree = "<group>"; };
		3DCF345215D401AD00100986 /* FSN_categories.h */ = {isa = PBXFileReference; fileEncoding = 4; lastKnownFileType = sourcecode.c.h; path = FSN_categories.h; sourceTree = "<group>"; };
		3DCF345315D401AD00100986 /* FSN_categories.m */ = {isa = PBXFileReference; fileEncoding = 4; lastKnownFileType = sourcecode.c.objc; path = FSN_categories.m; sourceTree = "<group>"; };
		3DCF345415D401AD00100986 /* FSNConnection.h */ = {isa = PBXFileReference; fileEncoding = 4; lastKnownFileType = sourcecode.c.h; path = FSNConnection.h; sourceTree = "<group>"; };
		3DCF345515D401AD00100986 /* FSNConnection.m */ = {isa = PBXFileReference; fileEncoding = 4; lastKnownFileType = sourcecode.c.objc; path = FSNConnection.m; sourceTree = "<group>"; };
		3DCF345615D401AD00100986 /* FSNData.h */ = {isa = PBXFileReference; fileEncoding = 4; lastKnownFileType = sourcecode.c.h; path = FSNData.h; sourceTree = "<group>"; };
		3DCF345715D401AD00100986 /* FSNData.m */ = {isa = PBXFileReference; fileEncoding = 4; lastKnownFileType = sourcecode.c.objc; path = FSNData.m; sourceTree = "<group>"; };
		3DDDC5A515D1604500B0EDD3 /* PerformanceTest.h */ = {isa = PBXFileReference; fileEncoding = 4; lastKnownFileType = sourcecode.c.h; path = PerformanceTest.h; sourceTree = "<group>"; };
		3DDDC5A615D1604500B0EDD3 /* PerformanceTest.m */ = {isa = PBXFileReference; fileEncoding = 4; lastKnownFileType = sourcecode.c.objc; path = PerformanceTest.m; sourceTree = "<group>"; };
		3DDDC5A815D162D300B0EDD3 /* PerfTestViewController.h */ = {isa = PBXFileReference; fileEncoding = 4; lastKnownFileType = sourcecode.c.h; path = PerfTestViewController.h; sourceTree = "<group>"; };
		3DDDC5A915D162D300B0EDD3 /* PerfTestViewController.m */ = {isa = PBXFileReference; fileEncoding = 4; lastKnownFileType = sourcecode.c.objc; path = PerfTestViewController.m; sourceTree = "<group>"; };
		3DDDC5AB15D1687100B0EDD3 /* testArray.json */ = {isa = PBXFileReference; fileEncoding = 4; lastKnownFileType = text.json; path = testArray.json; sourceTree = "<group>"; };
		3DDDC5AC15D1687100B0EDD3 /* testDict.json */ = {isa = PBXFileReference; fileEncoding = 4; lastKnownFileType = text.json; path = testDict.json; sourceTree = "<group>"; };
		3DDDC5AF15D18BD200B0EDD3 /* testNestedArray.json */ = {isa = PBXFileReference; fileEncoding = 4; lastKnownFileType = text.json; path = testNestedArray.json; sourceTree = "<group>"; };
/* End PBXFileReference section */

/* Begin PBXFrameworksBuildPhase section */
		3D7F0F1F15CC0F320026D3E1 /* Frameworks */ = {
			isa = PBXFrameworksBuildPhase;
			buildActionMask = 2147483647;
			files = (
				3D7F0F2715CC0F320026D3E1 /* UIKit.framework in Frameworks */,
				3D7F0F2915CC0F320026D3E1 /* Foundation.framework in Frameworks */,
				3D7F0F2B15CC0F320026D3E1 /* CoreGraphics.framework in Frameworks */,
			);
			runOnlyForDeploymentPostprocessing = 0;
		};
/* End PBXFrameworksBuildPhase section */

/* Begin PBXGroup section */
		3D7F0F1715CC0F320026D3E1 = {
			isa = PBXGroup;
			children = (
				3DCF344F15D401A100100986 /* submodules_source */,
				3D7F0F2C15CC0F320026D3E1 /* translationDictionary */,
				3D7F0F2515CC0F320026D3E1 /* Frameworks */,
				3D7F0F2315CC0F320026D3E1 /* Products */,
			);
			sourceTree = "<group>";
		};
		3D7F0F2315CC0F320026D3E1 /* Products */ = {
			isa = PBXGroup;
			children = (
				3D7F0F2215CC0F320026D3E1 /* translationDictionary.app */,
			);
			name = Products;
			sourceTree = "<group>";
		};
		3D7F0F2515CC0F320026D3E1 /* Frameworks */ = {
			isa = PBXGroup;
			children = (
				3D7F0F2615CC0F320026D3E1 /* UIKit.framework */,
				3D7F0F2815CC0F320026D3E1 /* Foundation.framework */,
				3D7F0F2A15CC0F320026D3E1 /* CoreGraphics.framework */,
			);
			name = Frameworks;
			sourceTree = "<group>";
		};
		3D7F0F2C15CC0F320026D3E1 /* translationDictionary */ = {
			isa = PBXGroup;
			children = (
				3DDDC5AF15D18BD200B0EDD3 /* testNestedArray.json */,
				3DDDC5AB15D1687100B0EDD3 /* testArray.json */,
				3DDDC5AC15D1687100B0EDD3 /* testDict.json */,
				3D7F0F4A15CC5AAE0026D3E1 /* localized.json */,
				3D7F0F3515CC0F330026D3E1 /* AppDelegate.h */,
				3D7F0F3615CC0F330026D3E1 /* AppDelegate.m */,
				3D7F0F4015CC0F5C0026D3E1 /* MainViewController.h */,
				3D7F0F4115CC0F5C0026D3E1 /* MainViewController.m */,
				3D7F0F2D15CC0F320026D3E1 /* Supporting Files */,
				3D7F0F4315CC0F8D0026D3E1 /* Localization.h */,
				3D7F0F4415CC0F8D0026D3E1 /* Localization.m */,
				3D7F0F4D15CC5DD50026D3E1 /* Actor.h */,
				3D7F0F4E15CC5DD50026D3E1 /* Actor.m */,
				3DDDC5A515D1604500B0EDD3 /* PerformanceTest.h */,
				3DDDC5A615D1604500B0EDD3 /* PerformanceTest.m */,
				3DDDC5A815D162D300B0EDD3 /* PerfTestViewController.h */,
				3DDDC5A915D162D300B0EDD3 /* PerfTestViewController.m */,
			);
			path = translationDictionary;
			sourceTree = "<group>";
		};
		3D7F0F2D15CC0F320026D3E1 /* Supporting Files */ = {
			isa = PBXGroup;
			children = (
				3D7F0F2E15CC0F320026D3E1 /* translationDictionary-Info.plist */,
				3D7F0F2F15CC0F320026D3E1 /* InfoPlist.strings */,
				3D7F0F3215CC0F320026D3E1 /* main.m */,
				3D7F0F3415CC0F320026D3E1 /* translationDictionary-Prefix.pch */,
			);
			name = "Supporting Files";
			sourceTree = "<group>";
		};
		3DCF344F15D401A100100986 /* submodules_source */ = {
			isa = PBXGroup;
			children = (
				3DCF345115D401AD00100986 /* src */,
			);
			name = submodules_source;
			sourceTree = "<group>";
		};
		3DCF345115D401AD00100986 /* src */ = {
			isa = PBXGroup;
			children = (
				3DCF345215D401AD00100986 /* FSN_categories.h */,
				3DCF345315D401AD00100986 /* FSN_categories.m */,
				3DCF345415D401AD00100986 /* FSNConnection.h */,
				3DCF345515D401AD00100986 /* FSNConnection.m */,
				3DCF345615D401AD00100986 /* FSNData.h */,
				3DCF345715D401AD00100986 /* FSNData.m */,
			);
			name = src;
			path = FSNetworking/src;
			sourceTree = "<group>";
		};
/* End PBXGroup section */

/* Begin PBXNativeTarget section */
		3D7F0F2115CC0F320026D3E1 /* translationDictionary */ = {
			isa = PBXNativeTarget;
			buildConfigurationList = 3D7F0F3A15CC0F330026D3E1 /* Build configuration list for PBXNativeTarget "translationDictionary" */;
			buildPhases = (
				3D7F0F1E15CC0F320026D3E1 /* Sources */,
				3D7F0F1F15CC0F320026D3E1 /* Frameworks */,
				3D7F0F2015CC0F320026D3E1 /* Resources */,
			);
			buildRules = (
			);
			dependencies = (
			);
			name = translationDictionary;
			productName = translationDictionary;
			productReference = 3D7F0F2215CC0F320026D3E1 /* translationDictionary.app */;
			productType = "com.apple.product-type.application";
		};
/* End PBXNativeTarget section */

/* Begin PBXProject section */
		3D7F0F1915CC0F320026D3E1 /* Project object */ = {
			isa = PBXProject;
			attributes = {
				LastUpgradeCheck = 0440;
				ORGANIZATIONNAME = foursquare;
			};
			buildConfigurationList = 3D7F0F1C15CC0F320026D3E1 /* Build configuration list for PBXProject "translationDictionary" */;
			compatibilityVersion = "Xcode 3.2";
			developmentRegion = English;
			hasScannedForEncodings = 0;
			knownRegions = (
				en,
			);
			mainGroup = 3D7F0F1715CC0F320026D3E1;
			productRefGroup = 3D7F0F2315CC0F320026D3E1 /* Products */;
			projectDirPath = "";
			projectRoot = "";
			targets = (
				3D7F0F2115CC0F320026D3E1 /* translationDictionary */,
			);
		};
/* End PBXProject section */

/* Begin PBXResourcesBuildPhase section */
		3D7F0F2015CC0F320026D3E1 /* Resources */ = {
			isa = PBXResourcesBuildPhase;
			buildActionMask = 2147483647;
			files = (
				3D7F0F3115CC0F320026D3E1 /* InfoPlist.strings in Resources */,
				3D7F0F4B15CC5AAE0026D3E1 /* localized.json in Resources */,
				3DDDC5AD15D1687100B0EDD3 /* testArray.json in Resources */,
				3DDDC5AE15D1687100B0EDD3 /* testDict.json in Resources */,
				3DDDC5B015D18BD200B0EDD3 /* testNestedArray.json in Resources */,
			);
			runOnlyForDeploymentPostprocessing = 0;
		};
/* End PBXResourcesBuildPhase section */

/* Begin PBXSourcesBuildPhase section */
		3D7F0F1E15CC0F320026D3E1 /* Sources */ = {
			isa = PBXSourcesBuildPhase;
			buildActionMask = 2147483647;
			files = (
				3D7F0F3315CC0F320026D3E1 /* main.m in Sources */,
				3D7F0F3715CC0F330026D3E1 /* AppDelegate.m in Sources */,
				3D7F0F4215CC0F5C0026D3E1 /* MainViewController.m in Sources */,
				3D7F0F4515CC0F8D0026D3E1 /* Localization.m in Sources */,
				3D7F0F4F15CC5DD50026D3E1 /* Actor.m in Sources */,
				3DDDC5A715D1604500B0EDD3 /* PerformanceTest.m in Sources */,
				3DDDC5AA15D162D300B0EDD3 /* PerfTestViewController.m in Sources */,
				3DCF345815D401AD00100986 /* FSN_categories.m in Sources */,
				3DCF345915D401AD00100986 /* FSNConnection.m in Sources */,
				3DCF345A15D401AD00100986 /* FSNData.m in Sources */,
			);
			runOnlyForDeploymentPostprocessing = 0;
		};
/* End PBXSourcesBuildPhase section */

/* Begin PBXVariantGroup section */
		3D7F0F2F15CC0F320026D3E1 /* InfoPlist.strings */ = {
			isa = PBXVariantGroup;
			children = (
				3D7F0F3015CC0F320026D3E1 /* en */,
			);
			name = InfoPlist.strings;
			sourceTree = "<group>";
		};
/* End PBXVariantGroup section */

/* Begin XCBuildConfiguration section */
		3D7F0F3815CC0F330026D3E1 /* Debug */ = {
			isa = XCBuildConfiguration;
			buildSettings = {
				ALWAYS_SEARCH_USER_PATHS = NO;
				ARCHS = "$(ARCHS_STANDARD_32_BIT)";
				CLANG_CXX_LANGUAGE_STANDARD = "gnu++0x";
				CLANG_ENABLE_OBJC_ARC = YES;
				CLANG_WARN__DUPLICATE_METHOD_MATCH = YES;
				"CODE_SIGN_IDENTITY[sdk=iphoneos*]" = "iPhone Developer";
				COPY_PHASE_STRIP = NO;
				GCC_C_LANGUAGE_STANDARD = gnu99;
				GCC_DYNAMIC_NO_PIC = NO;
				GCC_OPTIMIZATION_LEVEL = 0;
				GCC_PREPROCESSOR_DEFINITIONS = (
					"DEBUG=1",
					"$(inherited)",
				);
				GCC_SYMBOLS_PRIVATE_EXTERN = NO;
				GCC_VERSION = com.apple.compilers.llvm.clang.1_0;
				GCC_WARN_ABOUT_RETURN_TYPE = YES;
				GCC_WARN_UNINITIALIZED_AUTOS = YES;
				GCC_WARN_UNUSED_VARIABLE = YES;
				IPHONEOS_DEPLOYMENT_TARGET = 5.1;
				SDKROOT = iphoneos;
			};
			name = Debug;
		};
		3D7F0F3915CC0F330026D3E1 /* Release */ = {
			isa = XCBuildConfiguration;
			buildSettings = {
				ALWAYS_SEARCH_USER_PATHS = NO;
				ARCHS = "$(ARCHS_STANDARD_32_BIT)";
				CLANG_CXX_LANGUAGE_STANDARD = "gnu++0x";
				CLANG_ENABLE_OBJC_ARC = YES;
				CLANG_WARN__DUPLICATE_METHOD_MATCH = YES;
				"CODE_SIGN_IDENTITY[sdk=iphoneos*]" = "iPhone Developer";
				COPY_PHASE_STRIP = YES;
				GCC_C_LANGUAGE_STANDARD = gnu99;
				GCC_VERSION = com.apple.compilers.llvm.clang.1_0;
				GCC_WARN_ABOUT_RETURN_TYPE = YES;
				GCC_WARN_UNINITIALIZED_AUTOS = YES;
				GCC_WARN_UNUSED_VARIABLE = YES;
				IPHONEOS_DEPLOYMENT_TARGET = 5.1;
				OTHER_CFLAGS = "-DNS_BLOCK_ASSERTIONS=1";
				SDKROOT = iphoneos;
				VALIDATE_PRODUCT = YES;
			};
			name = Release;
		};
		3D7F0F3B15CC0F330026D3E1 /* Debug */ = {
			isa = XCBuildConfiguration;
			buildSettings = {
				GCC_PRECOMPILE_PREFIX_HEADER = YES;
				GCC_PREFIX_HEADER = "translationDictionary/translationDictionary-Prefix.pch";
				INFOPLIST_FILE = "translationDictionary/translationDictionary-Info.plist";
				PRODUCT_NAME = "$(TARGET_NAME)";
				WRAPPER_EXTENSION = app;
			};
			name = Debug;
		};
		3D7F0F3C15CC0F330026D3E1 /* Release */ = {
			isa = XCBuildConfiguration;
			buildSettings = {
				GCC_PRECOMPILE_PREFIX_HEADER = YES;
				GCC_PREFIX_HEADER = "translationDictionary/translationDictionary-Prefix.pch";
				INFOPLIST_FILE = "translationDictionary/translationDictionary-Info.plist";
				PRODUCT_NAME = "$(TARGET_NAME)";
				WRAPPER_EXTENSION = app;
			};
			name = Release;
		};
/* End XCBuildConfiguration section */

/* Begin XCConfigurationList section */
		3D7F0F1C15CC0F320026D3E1 /* Build configuration list for PBXProject "translationDictionary" */ = {
			isa = XCConfigurationList;
			buildConfigurations = (
				3D7F0F3815CC0F330026D3E1 /* Debug */,
				3D7F0F3915CC0F330026D3E1 /* Release */,
			);
			defaultConfigurationIsVisible = 0;
			defaultConfigurationName = Release;
		};
		3D7F0F3A15CC0F330026D3E1 /* Build configuration list for PBXNativeTarget "translationDictionary" */ = {
			isa = XCConfigurationList;
			buildConfigurations = (
				3D7F0F3B15CC0F330026D3E1 /* Debug */,
				3D7F0F3C15CC0F330026D3E1 /* Release */,
			);
			defaultConfigurationIsVisible = 0;
			defaultConfigurationName = Release;
		};
/* End XCConfigurationList section */
	};
	rootObject = 3D7F0F1915CC0F320026D3E1 /* Project object */;
}
